{
  "name": "nanohat-oled",
  "version": "1.0.0",
  "lockfileVersion": 1,
  "requires": true,
  "dependencies": {
    "bdf-canvas": {
      "version": "1.0.0",
      "resolved": "https://registry.npmjs.org/bdf-canvas/-/bdf-canvas-1.0.0.tgz",
      "integrity": "sha512-81ZBfAROlBD2chGIW4jf3kCurgytqguoIsHEOMUfgTEoUuHHZ49TQ8rGkShJ+mCzZibw/r4HOEx4KgL0ANRhgA=="
    },
    "bindings": {
      "version": "1.3.0",
      "resolved": "https://registry.npmjs.org/bindings/-/bindings-1.3.0.tgz",
      "integrity": "sha512-DpLh5EzMR2kzvX1KIlVC0VkC3iZtHKTgdtZ0a3pglBZdaQFjt5S9g9xd1lE+YvXyfd6mtCeRnrUfOLYiTMlNSw=="
    },
    "bluebird": {
      "version": "3.5.2",
      "resolved": "https://registry.npmjs.org/bluebird/-/bluebird-3.5.2.tgz",
      "integrity": "sha512-dhHTWMI7kMx5whMQntl7Vr9C6BvV10lFXDAasnqnrMYhXVCzzk6IO9Fo2L75jXHT07WrOngL1WDXOp+yYS91Yg=="
    },
    "canvas": {
      "version": "1.6.12",
      "resolved": "https://registry.npmjs.org/canvas/-/canvas-1.6.12.tgz",
      "integrity": "sha512-ssgSavCsdemQYCx2ytzl/KZnFthdMm7OhJw2D8DWiyoSrl5WpY4ghJ/zTghs+4Ck08WFaLqwWUKFdjRO9CJyRg==",
      "requires": {
        "nan": "^2.10.0"
      }
    },
    "i2c-bus": {
      "version": "3.2.0",
      "resolved": "https://registry.npmjs.org/i2c-bus/-/i2c-bus-3.2.0.tgz",
      "integrity": "sha512-0FMdVQyeFgz+bEkm8d1oUz0Yd3he8nS9BnzKCEILB+Y+I18amXu2Nn/KuZrQvaYcT/UIcz+r1dPNc8/wit8kmg==",
      "requires": {
        "bindings": "^1.3.0",
        "nan": "^2.10.0"
      }
    },
    "i2c-bus-promised": {
      "version": "1.1.3",
      "resolved": "https://registry.npmjs.org/i2c-bus-promised/-/i2c-bus-promised-1.1.3.tgz",
      "integrity": "sha512-aSE9upZ2yY4c3GK563VNUwBfOOnEl5fQmT04MN5cc5cCGUBBB0Xd1zcT/RlH5+/fP0GzfcIBERYOqBtjvVYyXg==",
      "requires": {
        "bluebird": "^3.5.1",
        "i2c-bus": "^3.2.0",
        "p-queue": "^2.3.0"
      }
    },
    "nan": {
      "version": "2.11.0",
      "resolved": "https://registry.npmjs.org/nan/-/nan-2.11.0.tgz",
      "integrity": "sha512-F4miItu2rGnV2ySkXOQoA8FKz/SR2Q2sWP0sbTxNxz/tuokeC8WxOhPMcwi0qIyGtVn/rrSeLbvVkznqCdwYnw=="
    },
    "p-queue": {
      "version": "2.4.2",
      "resolved": "https://registry.npmjs.org/p-queue/-/p-queue-2.4.2.tgz",
      "integrity": "sha512-n8/y+yDJwBjoLQe1GSJbbaYQLTI7QHNZI2+rpmCDbe++WLf9HC3gf6iqj5yfPAV71W4UF3ql5W1+UBPXoXTxng=="
    }
  }
}
